
Microsoft Visual Studio Solution File, Format Version 12.00
# Visual Studio Version 16
VisualStudioVersion = 16.0.28803.202
MinimumVisualStudioVersion = 10.0.40219.1
Project("{FAE04EC0-301F-11D3-BF4B-00C04F79EFBC}") = "Organo.Solutions.XF3.X4Ever.Android", "Organo.Solutions.XF3.X4Ever\Organo.Solutions.XF3.X4Ever.Android\Organo.Solutions.XF3.X4Ever.Android.csproj", "{9BB0FA46-4DF7-4384-AEC9-0809A0391888}"
EndProject
Project("{FAE04EC0-301F-11D3-BF4B-00C04F79EFBC}") = "Organo.Solutions.XF3.X4Ever.iOS", "Organo.Solutions.XF3.X4Ever\Organo.Solutions.XF3.X4Ever.iOS\Organo.Solutions.XF3.X4Ever.iOS.csproj", "{FF627395-8CAB-41DC-85F7-5C14060C18F0}"
EndProject
Project("{FAE04EC0-301F-11D3-BF4B-00C04F79EFBC}") = "Organo.Solutions.XF3.X4Ever.MobileAppService", "Organo.Solutions.XF3.X4Ever\Organo.Solutions.XF3.X4Ever.MobileAppService\Organo.Solutions.XF3.X4Ever.MobileAppService.csproj", "{412C9F69-2854-4DD5-9515-9D00215B018C}"
EndProject
Project("{FAE04EC0-301F-11D3-BF4B-00C04F79EFBC}") = "Organo.Solutions.XF3.X4Ever", "Organo.Solutions.XF3.X4Ever\Organo.Solutions.XF3.X4Ever\Organo.Solutions.XF3.X4Ever.csproj", "{B74539E4-B642-4ABE-A10C-A3EEFE7BCCE8}"
EndProject
Global
	GlobalSection(SolutionConfigurationPlatforms) = preSolution
		Debug|Any CPU = Debug|Any CPU
		Debug|iPhone = Debug|iPhone
		Debug|iPhoneSimulator = Debug|iPhoneSimulator
		Release|Any CPU = Release|Any CPU
		Release|iPhone = Release|iPhone
		Release|iPhoneSimulator = Release|iPhoneSimulator
	EndGlobalSection
	GlobalSection(ProjectConfigurationPlatforms) = postSolution
		{9BB0FA46-4DF7-4384-AEC9-0809A0391888}.Debug|Any CPU.ActiveCfg = Debug|Any CPU
		{9BB0FA46-4DF7-4384-AEC9-0809A0391888}.Debug|Any CPU.Build.0 = Debug|Any CPU
		{9BB0FA46-4DF7-4384-AEC9-0809A0391888}.Debug|Any CPU.Deploy.0 = Debug|Any CPU
		{9BB0FA46-4DF7-4384-AEC9-0809A0391888}.Debug|iPhone.ActiveCfg = Debug|Any CPU
		{9BB0FA46-4DF7-4384-AEC9-0809A0391888}.Debug|iPhone.Build.0 = Debug|Any CPU
		{9BB0FA46-4DF7-4384-AEC9-0809A0391888}.Debug|iPhone.Deploy.0 = Debug|Any CPU
		{9BB0FA46-4DF7-4384-AEC9-0809A0391888}.Debug|iPhoneSimulator.ActiveCfg = Debug|Any CPU
		{9BB0FA46-4DF7-4384-AEC9-0809A0391888}.Debug|iPhoneSimulator.Build.0 = Debug|Any CPU
		{9BB0FA46-4DF7-4384-AEC9-0809A0391888}.Debug|iPhoneSimulator.Deploy.0 = Debug|Any CPU
		{9BB0FA46-4DF7-4384-AEC9-0809A0391888}.Release|Any CPU.ActiveCfg = Release|Any CPU
		{9BB0FA46-4DF7-4384-AEC9-0809A0391888}.Release|Any CPU.Build.0 = Release|Any CPU
		{9BB0FA46-4DF7-4384-AEC9-0809A0391888}.Release|Any CPU.Deploy.0 = Release|Any CPU
		{9BB0FA46-4DF7-4384-AEC9-0809A0391888}.Release|iPhone.ActiveCfg = Release|Any CPU
		{9BB0FA46-4DF7-4384-AEC9-0809A0391888}.Release|iPhone.Build.0 = Release|Any CPU
		{9BB0FA46-4DF7-4384-AEC9-0809A0391888}.Release|iPhone.Deploy.0 = Release|Any CPU
		{9BB0FA46-4DF7-4384-AEC9-0809A0391888}.Release|iPhoneSimulator.ActiveCfg = Release|Any CPU
		{9BB0FA46-4DF7-4384-AEC9-0809A0391888}.Release|iPhoneSimulator.Build.0 = Release|Any CPU
		{9BB0FA46-4DF7-4384-AEC9-0809A0391888}.Release|iPhoneSimulator.Deploy.0 = Release|Any CPU
		{FF627395-8CAB-41DC-85F7-5C14060C18F0}.Debug|Any CPU.ActiveCfg = Debug|iPhoneSimulator
		{FF627395-8CAB-41DC-85F7-5C14060C18F0}.Debug|Any CPU.Build.0 = Debug|iPhoneSimulator
		{FF627395-8CAB-41DC-85F7-5C14060C18F0}.Debug|Any CPU.Deploy.0 = Debug|iPhoneSimulator
		{FF627395-8CAB-41DC-85F7-5C14060C18F0}.Debug|iPhone.ActiveCfg = Debug|iPhone
		{FF627395-8CAB-41DC-85F7-5C14060C18F0}.Debug|iPhone.Build.0 = Debug|iPhone
		{FF627395-8CAB-41DC-85F7-5C14060C18F0}.Debug|iPhone.Deploy.0 = Debug|iPhone
		{FF627395-8CAB-41DC-85F7-5C14060C18F0}.Debug|iPhoneSimulator.ActiveCfg = Debug|iPhoneSimulator
		{FF627395-8CAB-41DC-85F7-5C14060C18F0}.Debug|iPhoneSimulator.Build.0 = Debug|iPhoneSimulator
		{FF627395-8CAB-41DC-85F7-5C14060C18F0}.Debug|iPhoneSimulator.Deploy.0 = Debug|iPhoneSimulator
		{FF627395-8CAB-41DC-85F7-5C14060C18F0}.Release|Any CPU.ActiveCfg = Release|iPhone
		{FF627395-8CAB-41DC-85F7-5C14060C18F0}.Release|Any CPU.Build.0 = Release|iPhone
		{FF627395-8CAB-41DC-85F7-5C14060C18F0}.Release|Any CPU.Deploy.0 = Release|iPhone
		{FF627395-8CAB-41DC-85F7-5C14060C18F0}.Release|iPhone.ActiveCfg = Release|iPhone
		{FF627395-8CAB-41DC-85F7-5C14060C18F0}.Release|iPhone.Build.0 = Release|iPhone
		{FF627395-8CAB-41DC-85F7-5C14060C18F0}.Release|iPhone.Deploy.0 = Release|iPhone
		{FF627395-8CAB-41DC-85F7-5C14060C18F0}.Release|iPhoneSimulator.ActiveCfg = Release|iPhoneSimulator
		{FF627395-8CAB-41DC-85F7-5C14060C18F0}.Release|iPhoneSimulator.Build.0 = Release|iPhoneSimulator
		{FF627395-8CAB-41DC-85F7-5C14060C18F0}.Release|iPhoneSimulator.Deploy.0 = Release|iPhoneSimulator
		{412C9F69-2854-4DD5-9515-9D00215B018C}.Debug|Any CPU.ActiveCfg = Debug|Any CPU
		{412C9F69-2854-4DD5-9515-9D00215B018C}.Debug|Any CPU.Build.0 = Debug|Any CPU
		{412C9F69-2854-4DD5-9515-9D00215B018C}.Debug|Any CPU.Deploy.0 = Debug|Any CPU
		{412C9F69-2854-4DD5-9515-9D00215B018C}.Debug|iPhone.ActiveCfg = Debug|Any CPU
		{412C9F69-2854-4DD5-9515-9D00215B018C}.Debug|iPhone.Build.0 = Debug|Any CPU
		{412C9F69-2854-4DD5-9515-9D00215B018C}.Debug|iPhone.Deploy.0 = Debug|Any CPU
		{412C9F69-2854-4DD5-9515-9D00215B018C}.Debug|iPhoneSimulator.ActiveCfg = Debug|Any CPU
		{412C9F69-2854-4DD5-9515-9D00215B018C}.Debug|iPhoneSimulator.Build.0 = Debug|Any CPU
		{412C9F69-2854-4DD5-9515-9D00215B018C}.Debug|iPhoneSimulator.Deploy.0 = Debug|Any CPU
		{412C9F69-2854-4DD5-9515-9D00215B018C}.Release|Any CPU.ActiveCfg = Release|Any CPU
		{412C9F69-2854-4DD5-9515-9D00215B018C}.Release|Any CPU.Build.0 = Release|Any CPU
		{412C9F69-2854-4DD5-9515-9D00215B018C}.Release|Any CPU.Deploy.0 = Release|Any CPU
		{412C9F69-2854-4DD5-9515-9D00215B018C}.Release|iPhone.ActiveCfg = Release|Any CPU
		{412C9F69-2854-4DD5-9515-9D00215B018C}.Release|iPhone.Build.0 = Release|Any CPU
		{412C9F69-2854-4DD5-9515-9D00215B018C}.Release|iPhone.Deploy.0 = Release|Any CPU
		{412C9F69-2854-4DD5-9515-9D00215B018C}.Release|iPhoneSimulator.ActiveCfg = Release|Any CPU
		{412C9F69-2854-4DD5-9515-9D00215B018C}.Release|iPhoneSimulator.Build.0 = Release|Any CPU
		{412C9F69-2854-4DD5-9515-9D00215B018C}.Release|iPhoneSimulator.Deploy.0 = Release|Any CPU
		{B74539E4-B642-4ABE-A10C-A3EEFE7BCCE8}.Debug|Any CPU.ActiveCfg = Debug|Any CPU
		{B74539E4-B642-4ABE-A10C-A3EEFE7BCCE8}.Debug|Any CPU.Build.0 = Debug|Any CPU
		{B74539E4-B642-4ABE-A10C-A3EEFE7BCCE8}.Debug|Any CPU.Deploy.0 = Debug|Any CPU
		{B74539E4-B642-4ABE-A10C-A3EEFE7BCCE8}.Debug|iPhone.ActiveCfg = Debug|Any CPU
		{B74539E4-B642-4ABE-A10C-A3EEFE7BCCE8}.Debug|iPhone.Build.0 = Debug|Any CPU
		{B74539E4-B642-4ABE-A10C-A3EEFE7BCCE8}.Debug|iPhone.Deploy.0 = Debug|Any CPU
		{B74539E4-B642-4ABE-A10C-A3EEFE7BCCE8}.Debug|iPhoneSimulator.ActiveCfg = Debug|Any CPU
		{B74539E4-B642-4ABE-A10C-A3EEFE7BCCE8}.Debug|iPhoneSimulator.Build.0 = Debug|Any CPU
		{B74539E4-B642-4ABE-A10C-A3EEFE7BCCE8}.Debug|iPhoneSimulator.Deploy.0 = Debug|Any CPU
		{B74539E4-B642-4ABE-A10C-A3EEFE7BCCE8}.Release|Any CPU.ActiveCfg = Release|Any CPU
		{B74539E4-B642-4ABE-A10C-A3EEFE7BCCE8}.Release|Any CPU.Build.0 = Release|Any CPU
		{B74539E4-B642-4ABE-A10C-A3EEFE7BCCE8}.Release|Any CPU.Deploy.0 = Release|Any CPU
		{B74539E4-B642-4ABE-A10C-A3EEFE7BCCE8}.Release|iPhone.ActiveCfg = Release|Any CPU
		{B74539E4-B642-4ABE-A10C-A3EEFE7BCCE8}.Release|iPhone.Build.0 = Release|Any CPU
		{B74539E4-B642-4ABE-A10C-A3EEFE7BCCE8}.Release|iPhone.Deploy.0 = Release|Any CPU
		{B74539E4-B642-4ABE-A10C-A3EEFE7BCCE8}.Release|iPhoneSimulator.ActiveCfg = Release|Any CPU
		{B74539E4-B642-4ABE-A10C-A3EEFE7BCCE8}.Release|iPhoneSimulator.Build.0 = Release|Any CPU
		{B74539E4-B642-4ABE-A10C-A3EEFE7BCCE8}.Release|iPhoneSimulator.Deploy.0 = Release|Any CPU
	EndGlobalSection
	GlobalSection(SolutionProperties) = preSolution
		HideSolutionNode = FALSE
	EndGlobalSection
	GlobalSection(ExtensibilityGlobals) = postSolution
		SolutionGuid = {C44E410E-DD8D-478E-AA58-DF305D556240}
	EndGlobalSection
EndGlobal
